
Microsoft Visual Studio Solution File, Format Version 12.00
Project("{FAE04EC0-301F-11D3-BF4B-00C04F79EFBC}") = "MinecraftMessages", "src\MinecraftMessages\MinecraftMessages.csproj", "{D374B833-2BCF-40F4-832A-5ED954BF5636}"
EndProject
Project("{FAE04EC0-301F-11D3-BF4B-00C04F79EFBC}") = "MinecraftMessagesTests", "tests\MinecraftMessagesTests\MinecraftMessagesTests.csproj", "{11922575-9CED-4EDA-845A-C27E7D72CBEC}"
EndProject
Global
	GlobalSection(SolutionConfigurationPlatforms) = preSolution
		Debug|Any CPU = Debug|Any CPU
		Release|Any CPU = Release|Any CPU
	EndGlobalSection
	GlobalSection(ProjectConfigurationPlatforms) = postSolution
		{D374B833-2BCF-40F4-832A-5ED954BF5636}.Debug|Any CPU.ActiveCfg = Debug|Any CPU
		{D374B833-2BCF-40F4-832A-5ED954BF5636}.Debug|Any CPU.Build.0 = Debug|Any CPU
		{D374B833-2BCF-40F4-832A-5ED954BF5636}.Release|Any CPU.ActiveCfg = Release|Any CPU
		{D374B833-2BCF-40F4-832A-5ED954BF5636}.Release|Any CPU.Build.0 = Release|Any CPU
		{11922575-9CED-4EDA-845A-C27E7D72CBEC}.Debug|Any CPU.ActiveCfg = Debug|Any CPU
		{11922575-9CED-4EDA-845A-C27E7D72CBEC}.Debug|Any CPU.Build.0 = Debug|Any CPU
		{11922575-9CED-4EDA-845A-C27E7D72CBEC}.Release|Any CPU.ActiveCfg = Release|Any CPU
		{11922575-9CED-4EDA-845A-C27E7D72CBEC}.Release|Any CPU.Build.0 = Release|Any CPU
	EndGlobalSection
EndGlobal
